// !$*UTF8*$!
{
	archiveVersion = 1;
	classes = {
	};
	objectVersion = 52;
	objects = {

/* Begin PBXBuildFile section */
		5A1B1D5226774FD7002FF636 /* ImageCollectionItemContextMenu.swift in Sources */ = {isa = PBXBuildFile; fileRef = 5A1B1D5126774FD7002FF636 /* ImageCollectionItemContextMenu.swift */; };
		5A1B1D54267764B6002FF636 /* DirectoryInspectorView.swift in Sources */ = {isa = PBXBuildFile; fileRef = 5A1B1D53267764B6002FF636 /* DirectoryInspectorView.swift */; };
		5A1B8C5526091D84000B2120 /* SidebarViewController.swift in Sources */ = {isa = PBXBuildFile; fileRef = 5A1B8C5426091D84000B2120 /* SidebarViewController.swift */; };
		5A1B8C5A26092828000B2120 /* SidebarOutlineViewController.swift in Sources */ = {isa = PBXBuildFile; fileRef = 5A1B8C5926092828000B2120 /* SidebarOutlineViewController.swift */; };
		5A1B8C7326092C7B000B2120 /* Main.storyboard in Resources */ = {isa = PBXBuildFile; fileRef = 5A1B8C7226092C7B000B2120 /* Main.storyboard */; };
		5A1E2DD12671EE550080EF8B /* SettingsView.swift in Sources */ = {isa = PBXBuildFile; fileRef = 5A1E2DD02671EE550080EF8B /* SettingsView.swift */; };
		5A1E2DD32671EFBA0080EF8B /* Array.swift in Sources */ = {isa = PBXBuildFile; fileRef = 5A1E2DD22671EFBA0080EF8B /* Array.swift */; };
		5A2BAE35266DABFB006DD01C /* URL.swift in Sources */ = {isa = PBXBuildFile; fileRef = 5A2BAE34266DABFB006DD01C /* URL.swift */; };
		5A2BAE37266EFB07006DD01C /* CenterView.swift in Sources */ = {isa = PBXBuildFile; fileRef = 5A2BAE36266EFB07006DD01C /* CenterView.swift */; };
		5A2F420D25E20BE1000D70A8 /* FluffyApp.swift in Sources */ = {isa = PBXBuildFile; fileRef = 5A2F420C25E20BE1000D70A8 /* FluffyApp.swift */; };
		5A2F421125E20BE3000D70A8 /* Assets.xcassets in Resources */ = {isa = PBXBuildFile; fileRef = 5A2F421025E20BE3000D70A8 /* Assets.xcassets */; };
		5A2F421425E20BE3000D70A8 /* Preview Assets.xcassets in Resources */ = {isa = PBXBuildFile; fileRef = 5A2F421325E20BE3000D70A8 /* Preview Assets.xcassets */; };
		5A2F421625E20BE3000D70A8 /* Persistence.swift in Sources */ = {isa = PBXBuildFile; fileRef = 5A2F421525E20BE3000D70A8 /* Persistence.swift */; };
		5A2F421925E20BE3000D70A8 /* Fluffy.xcdatamodeld in Sources */ = {isa = PBXBuildFile; fileRef = 5A2F421725E20BE3000D70A8 /* Fluffy.xcdatamodeld */; };
		5A2F422525E20BE3000D70A8 /* ImagesTests.swift in Sources */ = {isa = PBXBuildFile; fileRef = 5A2F422425E20BE3000D70A8 /* ImagesTests.swift */; };
		5A2F423025E20BE3000D70A8 /* ImagesUITests.swift in Sources */ = {isa = PBXBuildFile; fileRef = 5A2F422F25E20BE3000D70A8 /* ImagesUITests.swift */; };
		5A2F424525E20DF8000D70A8 /* File.swift in Sources */ = {isa = PBXBuildFile; fileRef = 5A2F424125E20DF8000D70A8 /* File.swift */; };
		5A2F424625E20DF8000D70A8 /* Directory.swift in Sources */ = {isa = PBXBuildFile; fileRef = 5A2F424225E20DF8000D70A8 /* Directory.swift */; };
		5A2F426C25E2297C000D70A8 /* PrimaryView.swift in Sources */ = {isa = PBXBuildFile; fileRef = 5A2F426B25E2297C000D70A8 /* PrimaryView.swift */; };
		5A2F427125E22E6A000D70A8 /* Debug.swift in Sources */ = {isa = PBXBuildFile; fileRef = 5A2F427025E22E6A000D70A8 /* Debug.swift */; };
		5A2F427925E23245000D70A8 /* VisualEffectView.swift in Sources */ = {isa = PBXBuildFile; fileRef = 5A2F427825E23245000D70A8 /* VisualEffectView.swift */; };
		5A36FAA126759B070033C41B /* FileInspectorView.swift in Sources */ = {isa = PBXBuildFile; fileRef = 5A36FAA026759B070033C41B /* FileInspectorView.swift */; };
		5A36FAA42675A8250033C41B /* InspectorView.swift in Sources */ = {isa = PBXBuildFile; fileRef = 5A36FAA32675A8250033C41B /* InspectorView.swift */; };
		5A36FAA62675ABCA0033C41B /* ImageTabItemView.swift in Sources */ = {isa = PBXBuildFile; fileRef = 5A36FAA52675ABCA0033C41B /* ImageTabItemView.swift */; };
		5A484B5A266423FF0007D565 /* DetailView.swift in Sources */ = {isa = PBXBuildFile; fileRef = 5A484B59266423FF0007D565 /* DetailView.swift */; };
		5A484B5C266431340007D565 /* GestureViewModifiers.swift in Sources */ = {isa = PBXBuildFile; fileRef = 5A484B5B266431340007D565 /* GestureViewModifiers.swift */; };
		5A8A978B261ADF6700FBE591 /* Coordinator+NSOutlineViewDelegate.swift in Sources */ = {isa = PBXBuildFile; fileRef = 5A8A978A261ADF6700FBE591 /* Coordinator+NSOutlineViewDelegate.swift */; };
		5A8A9790261AE6BA00FBE591 /* SidebarView.swift in Sources */ = {isa = PBXBuildFile; fileRef = 5A8A978F261AE6BA00FBE591 /* SidebarView.swift */; };
		5A8A979E261AF2A900FBE591 /* LazyDiskImage.swift in Sources */ = {isa = PBXBuildFile; fileRef = 5A8A979D261AF2A900FBE591 /* LazyDiskImage.swift */; };
		5A8E6966266AE3CA00F7748B /* DiskImageLoaderGroup.swift in Sources */ = {isa = PBXBuildFile; fileRef = 5A8E6965266AE3CA00F7748B /* DiskImageLoaderGroup.swift */; };
		5A8E6968266AE62000F7748B /* ThumbnailDiskImageLoader.swift in Sources */ = {isa = PBXBuildFile; fileRef = 5A8E6967266AE62000F7748B /* ThumbnailDiskImageLoader.swift */; };
		5A8E696B266AEB5E00F7748B /* Constants.swift in Sources */ = {isa = PBXBuildFile; fileRef = 5A8E696A266AEB5E00F7748B /* Constants.swift */; };
		5A9CB74F2637365900D8488E /* Coordinator+DragDrop.swift in Sources */ = {isa = PBXBuildFile; fileRef = 5A9CB74E2637365900D8488E /* Coordinator+DragDrop.swift */; };
		5A9CB7542637380E00D8488E /* DirectoryPasteboardItem.swift in Sources */ = {isa = PBXBuildFile; fileRef = 5A9CB7532637380E00D8488E /* DirectoryPasteboardItem.swift */; };
		5A9CB759263743C900D8488E /* ImagePasteboardItem.swift in Sources */ = {isa = PBXBuildFile; fileRef = 5A9CB758263743C900D8488E /* ImagePasteboardItem.swift */; };
		5ABE618C2652EA8300308B11 /* ManualUpdatableView.swift in Sources */ = {isa = PBXBuildFile; fileRef = 5ABE618B2652EA8300308B11 /* ManualUpdatableView.swift */; };
		5ABE618F2652ED8A00308B11 /* ImageCollectionListView.swift in Sources */ = {isa = PBXBuildFile; fileRef = 5ABE618E2652ED8A00308B11 /* ImageCollectionListView.swift */; };
		5ABE61912652F04C00308B11 /* ImageCollectionIconsView.swift in Sources */ = {isa = PBXBuildFile; fileRef = 5ABE61902652F04C00308B11 /* ImageCollectionIconsView.swift */; };
		5ABE619326531A2900308B11 /* DiskImageLoader.swift in Sources */ = {isa = PBXBuildFile; fileRef = 5ABE619226531A2900308B11 /* DiskImageLoader.swift */; };
		5AC1F3D926731C9A009B6366 /* Coordinator+FirstResponder.swift in Sources */ = {isa = PBXBuildFile; fileRef = 5AC1F3D826731C9A009B6366 /* Coordinator+FirstResponder.swift */; };
		5ACD136425FF3D1400E64523 /* ImageCollectionView.swift in Sources */ = {isa = PBXBuildFile; fileRef = 5ACD136325FF3D1400E64523 /* ImageCollectionView.swift */; };
		5ADDED19266472F500CF87B7 /* ImageCache.swift in Sources */ = {isa = PBXBuildFile; fileRef = 5ADDED18266472F500CF87B7 /* ImageCache.swift */; };
		5ADDED1C266477C500CF87B7 /* Collections in Frameworks */ = {isa = PBXBuildFile; productRef = 5ADDED1B266477C500CF87B7 /* Collections */; };
		5AEE3146266ABE1700495FD6 /* BottomBarView.swift in Sources */ = {isa = PBXBuildFile; fileRef = 5AEE3145266ABE1700495FD6 /* BottomBarView.swift */; };
		CD38B2612721DD050065A1CD /* ShowInFinderButton.swift in Sources */ = {isa = PBXBuildFile; fileRef = CD38B2602721DD050065A1CD /* ShowInFinderButton.swift */; };
		CD71666727137106009630C5 /* SelectionManager.swift in Sources */ = {isa = PBXBuildFile; fileRef = CD71666627137106009630C5 /* SelectionManager.swift */; };
		CD7166692713B876009630C5 /* DetailGridView.swift in Sources */ = {isa = PBXBuildFile; fileRef = CD7166682713B876009630C5 /* DetailGridView.swift */; };
		CDF802B9270FEE750040FF04 /* ImageCollectionTableView.swift in Sources */ = {isa = PBXBuildFile; fileRef = CDF802B8270FEE750040FF04 /* ImageCollectionTableView.swift */; };
/* End PBXBuildFile section */

/* Begin PBXContainerItemProxy section */
		5A2F422125E20BE3000D70A8 /* PBXContainerItemProxy */ = {
			isa = PBXContainerItemProxy;
			containerPortal = 5A2F420125E20BE1000D70A8 /* Project object */;
			proxyType = 1;
			remoteGlobalIDString = 5A2F420825E20BE1000D70A8;
			remoteInfo = Images;
		};
		5A2F422C25E20BE3000D70A8 /* PBXContainerItemProxy */ = {
			isa = PBXContainerItemProxy;
			containerPortal = 5A2F420125E20BE1000D70A8 /* Project object */;
			proxyType = 1;
			remoteGlobalIDString = 5A2F420825E20BE1000D70A8;
			remoteInfo = Images;
		};
/* End PBXContainerItemProxy section */

/* Begin PBXFileReference section */
		5A1B1D5126774FD7002FF636 /* ImageCollectionItemContextMenu.swift */ = {isa = PBXFileReference; lastKnownFileType = sourcecode.swift; path = ImageCollectionItemContextMenu.swift; sourceTree = "<group>"; };
		5A1B1D53267764B6002FF636 /* DirectoryInspectorView.swift */ = {isa = PBXFileReference; lastKnownFileType = sourcecode.swift; path = DirectoryInspectorView.swift; sourceTree = "<group>"; };
		5A1B8C5426091D84000B2120 /* SidebarViewController.swift */ = {isa = PBXFileReference; lastKnownFileType = sourcecode.swift; path = SidebarViewController.swift; sourceTree = "<group>"; };
		5A1B8C5926092828000B2120 /* SidebarOutlineViewController.swift */ = {isa = PBXFileReference; lastKnownFileType = sourcecode.swift; path = SidebarOutlineViewController.swift; sourceTree = "<group>"; };
		5A1B8C7226092C7B000B2120 /* Main.storyboard */ = {isa = PBXFileReference; lastKnownFileType = file.storyboard; path = Main.storyboard; sourceTree = "<group>"; };
		5A1E2DD02671EE550080EF8B /* SettingsView.swift */ = {isa = PBXFileReference; lastKnownFileType = sourcecode.swift; path = SettingsView.swift; sourceTree = "<group>"; };
		5A1E2DD22671EFBA0080EF8B /* Array.swift */ = {isa = PBXFileReference; lastKnownFileType = sourcecode.swift; path = Array.swift; sourceTree = "<group>"; };
		5A2BAE34266DABFB006DD01C /* URL.swift */ = {isa = PBXFileReference; lastKnownFileType = sourcecode.swift; path = URL.swift; sourceTree = "<group>"; };
		5A2BAE36266EFB07006DD01C /* CenterView.swift */ = {isa = PBXFileReference; lastKnownFileType = sourcecode.swift; path = CenterView.swift; sourceTree = "<group>"; };
		5A2F420925E20BE1000D70A8 /* Fluffy.app */ = {isa = PBXFileReference; explicitFileType = wrapper.application; includeInIndex = 0; path = Fluffy.app; sourceTree = BUILT_PRODUCTS_DIR; };
		5A2F420C25E20BE1000D70A8 /* FluffyApp.swift */ = {isa = PBXFileReference; lastKnownFileType = sourcecode.swift; path = FluffyApp.swift; sourceTree = "<group>"; };
		5A2F421025E20BE3000D70A8 /* Assets.xcassets */ = {isa = PBXFileReference; lastKnownFileType = folder.assetcatalog; path = Assets.xcassets; sourceTree = "<group>"; };
		5A2F421325E20BE3000D70A8 /* Preview Assets.xcassets */ = {isa = PBXFileReference; lastKnownFileType = folder.assetcatalog; path = "Preview Assets.xcassets"; sourceTree = "<group>"; };
		5A2F421525E20BE3000D70A8 /* Persistence.swift */ = {isa = PBXFileReference; lastKnownFileType = sourcecode.swift; path = Persistence.swift; sourceTree = "<group>"; };
		5A2F421825E20BE3000D70A8 /* Images.xcdatamodel */ = {isa = PBXFileReference; lastKnownFileType = wrapper.xcdatamodel; path = Images.xcdatamodel; sourceTree = "<group>"; };
		5A2F421A25E20BE3000D70A8 /* Info.plist */ = {isa = PBXFileReference; lastKnownFileType = text.plist.xml; path = Info.plist; sourceTree = "<group>"; };
		5A2F421B25E20BE3000D70A8 /* Fluffy.entitlements */ = {isa = PBXFileReference; lastKnownFileType = text.plist.entitlements; path = Fluffy.entitlements; sourceTree = "<group>"; };
		5A2F422025E20BE3000D70A8 /* FluffyTests.xctest */ = {isa = PBXFileReference; explicitFileType = wrapper.cfbundle; includeInIndex = 0; path = FluffyTests.xctest; sourceTree = BUILT_PRODUCTS_DIR; };
		5A2F422425E20BE3000D70A8 /* ImagesTests.swift */ = {isa = PBXFileReference; lastKnownFileType = sourcecode.swift; path = ImagesTests.swift; sourceTree = "<group>"; };
		5A2F422625E20BE3000D70A8 /* Info.plist */ = {isa = PBXFileReference; lastKnownFileType = text.plist.xml; path = Info.plist; sourceTree = "<group>"; };
		5A2F422B25E20BE3000D70A8 /* FluffyUITests.xctest */ = {isa = PBXFileReference; explicitFileType = wrapper.cfbundle; includeInIndex = 0; path = FluffyUITests.xctest; sourceTree = BUILT_PRODUCTS_DIR; };
		5A2F422F25E20BE3000D70A8 /* ImagesUITests.swift */ = {isa = PBXFileReference; lastKnownFileType = sourcecode.swift; path = ImagesUITests.swift; sourceTree = "<group>"; };
		5A2F423125E20BE3000D70A8 /* Info.plist */ = {isa = PBXFileReference; lastKnownFileType = text.plist.xml; path = Info.plist; sourceTree = "<group>"; };
		5A2F424125E20DF8000D70A8 /* File.swift */ = {isa = PBXFileReference; lastKnownFileType = sourcecode.swift; path = File.swift; sourceTree = "<group>"; };
		5A2F424225E20DF8000D70A8 /* Directory.swift */ = {isa = PBXFileReference; lastKnownFileType = sourcecode.swift; path = Directory.swift; sourceTree = "<group>"; };
		5A2F426B25E2297C000D70A8 /* PrimaryView.swift */ = {isa = PBXFileReference; lastKnownFileType = sourcecode.swift; path = PrimaryView.swift; sourceTree = "<group>"; };
		5A2F427025E22E6A000D70A8 /* Debug.swift */ = {isa = PBXFileReference; lastKnownFileType = sourcecode.swift; path = Debug.swift; sourceTree = "<group>"; };
		5A2F427825E23245000D70A8 /* VisualEffectView.swift */ = {isa = PBXFileReference; lastKnownFileType = sourcecode.swift; path = VisualEffectView.swift; sourceTree = "<group>"; };
		5A36FAA026759B070033C41B /* FileInspectorView.swift */ = {isa = PBXFileReference; lastKnownFileType = sourcecode.swift; path = FileInspectorView.swift; sourceTree = "<group>"; };
		5A36FAA32675A8250033C41B /* InspectorView.swift */ = {isa = PBXFileReference; lastKnownFileType = sourcecode.swift; path = InspectorView.swift; sourceTree = "<group>"; };
		5A36FAA52675ABCA0033C41B /* ImageTabItemView.swift */ = {isa = PBXFileReference; lastKnownFileType = sourcecode.swift; path = ImageTabItemView.swift; sourceTree = "<group>"; };
		5A484B59266423FF0007D565 /* DetailView.swift */ = {isa = PBXFileReference; lastKnownFileType = sourcecode.swift; path = DetailView.swift; sourceTree = "<group>"; };
		5A484B5B266431340007D565 /* GestureViewModifiers.swift */ = {isa = PBXFileReference; lastKnownFileType = sourcecode.swift; path = GestureViewModifiers.swift; sourceTree = "<group>"; };
		5A8A978A261ADF6700FBE591 /* Coordinator+NSOutlineViewDelegate.swift */ = {isa = PBXFileReference; lastKnownFileType = sourcecode.swift; path = "Coordinator+NSOutlineViewDelegate.swift"; sourceTree = "<group>"; };
		5A8A978F261AE6BA00FBE591 /* SidebarView.swift */ = {isa = PBXFileReference; lastKnownFileType = sourcecode.swift; name = SidebarView.swift; path = ../../SidebarView.swift; sourceTree = "<group>"; };
		5A8A979D261AF2A900FBE591 /* LazyDiskImage.swift */ = {isa = PBXFileReference; lastKnownFileType = sourcecode.swift; path = LazyDiskImage.swift; sourceTree = "<group>"; };
		5A8E6965266AE3CA00F7748B /* DiskImageLoaderGroup.swift */ = {isa = PBXFileReference; lastKnownFileType = sourcecode.swift; path = DiskImageLoaderGroup.swift; sourceTree = "<group>"; };
		5A8E6967266AE62000F7748B /* ThumbnailDiskImageLoader.swift */ = {isa = PBXFileReference; lastKnownFileType = sourcecode.swift; path = ThumbnailDiskImageLoader.swift; sourceTree = "<group>"; };
		5A8E696A266AEB5E00F7748B /* Constants.swift */ = {isa = PBXFileReference; lastKnownFileType = sourcecode.swift; path = Constants.swift; sourceTree = "<group>"; };
		5A9CB74E2637365900D8488E /* Coordinator+DragDrop.swift */ = {isa = PBXFileReference; lastKnownFileType = sourcecode.swift; path = "Coordinator+DragDrop.swift"; sourceTree = "<group>"; };
		5A9CB7532637380E00D8488E /* DirectoryPasteboardItem.swift */ = {isa = PBXFileReference; lastKnownFileType = sourcecode.swift; path = DirectoryPasteboardItem.swift; sourceTree = "<group>"; };
		5A9CB758263743C900D8488E /* ImagePasteboardItem.swift */ = {isa = PBXFileReference; lastKnownFileType = sourcecode.swift; path = ImagePasteboardItem.swift; sourceTree = "<group>"; };
		5ABE618B2652EA8300308B11 /* ManualUpdatableView.swift */ = {isa = PBXFileReference; lastKnownFileType = sourcecode.swift; path = ManualUpdatableView.swift; sourceTree = "<group>"; };
		5ABE618E2652ED8A00308B11 /* ImageCollectionListView.swift */ = {isa = PBXFileReference; lastKnownFileType = sourcecode.swift; path = ImageCollectionListView.swift; sourceTree = "<group>"; };
		5ABE61902652F04C00308B11 /* ImageCollectionIconsView.swift */ = {isa = PBXFileReference; lastKnownFileType = sourcecode.swift; path = ImageCollectionIconsView.swift; sourceTree = "<group>"; };
		5ABE619226531A2900308B11 /* DiskImageLoader.swift */ = {isa = PBXFileReference; lastKnownFileType = sourcecode.swift; path = DiskImageLoader.swift; sourceTree = "<group>"; };
		5AC1F3D826731C9A009B6366 /* Coordinator+FirstResponder.swift */ = {isa = PBXFileReference; lastKnownFileType = sourcecode.swift; path = "Coordinator+FirstResponder.swift"; sourceTree = "<group>"; };
		5ACD136325FF3D1400E64523 /* ImageCollectionView.swift */ = {isa = PBXFileReference; lastKnownFileType = sourcecode.swift; path = ImageCollectionView.swift; sourceTree = "<group>"; };
		5ADDED18266472F500CF87B7 /* ImageCache.swift */ = {isa = PBXFileReference; lastKnownFileType = sourcecode.swift; path = ImageCache.swift; sourceTree = "<group>"; };
		5AEE3145266ABE1700495FD6 /* BottomBarView.swift */ = {isa = PBXFileReference; lastKnownFileType = sourcecode.swift; path = BottomBarView.swift; sourceTree = "<group>"; };
		CD38B2602721DD050065A1CD /* ShowInFinderButton.swift */ = {isa = PBXFileReference; lastKnownFileType = sourcecode.swift; path = ShowInFinderButton.swift; sourceTree = "<group>"; };
		CD71666627137106009630C5 /* SelectionManager.swift */ = {isa = PBXFileReference; lastKnownFileType = sourcecode.swift; path = SelectionManager.swift; sourceTree = "<group>"; };
		CD7166682713B876009630C5 /* DetailGridView.swift */ = {isa = PBXFileReference; lastKnownFileType = sourcecode.swift; path = DetailGridView.swift; sourceTree = "<group>"; };
		CDF802B8270FEE750040FF04 /* ImageCollectionTableView.swift */ = {isa = PBXFileReference; lastKnownFileType = sourcecode.swift; path = ImageCollectionTableView.swift; sourceTree = "<group>"; };
/* End PBXFileReference section */

/* Begin PBXFrameworksBuildPhase section */
		5A2F420625E20BE1000D70A8 /* Frameworks */ = {
			isa = PBXFrameworksBuildPhase;
			buildActionMask = 2147483647;
			files = (
				5ADDED1C266477C500CF87B7 /* Collections in Frameworks */,
			);
			runOnlyForDeploymentPostprocessing = 0;
		};
		5A2F421D25E20BE3000D70A8 /* Frameworks */ = {
			isa = PBXFrameworksBuildPhase;
			buildActionMask = 2147483647;
			files = (
			);
			runOnlyForDeploymentPostprocessing = 0;
		};
		5A2F422825E20BE3000D70A8 /* Frameworks */ = {
			isa = PBXFrameworksBuildPhase;
			buildActionMask = 2147483647;
			files = (
			);
			runOnlyForDeploymentPostprocessing = 0;
		};
/* End PBXFrameworksBuildPhase section */

/* Begin PBXGroup section */
		5A1B8C4F26091D3B000B2120 /* AppKit */ = {
			isa = PBXGroup;
			children = (
				5A1B8C5326091D4B000B2120 /* Sidebar */,
			);
			path = AppKit;
			sourceTree = "<group>";
		};
		5A1B8C5326091D4B000B2120 /* Sidebar */ = {
			isa = PBXGroup;
			children = (
				5A8A978F261AE6BA00FBE591 /* SidebarView.swift */,
				5A1B8C5426091D84000B2120 /* SidebarViewController.swift */,
				5A1B8C5926092828000B2120 /* SidebarOutlineViewController.swift */,
				5A8A978A261ADF6700FBE591 /* Coordinator+NSOutlineViewDelegate.swift */,
				5A9CB74E2637365900D8488E /* Coordinator+DragDrop.swift */,
				5AC1F3D826731C9A009B6366 /* Coordinator+FirstResponder.swift */,
			);
			path = Sidebar;
			sourceTree = "<group>";
		};
		5A2F420025E20BE1000D70A8 = {
			isa = PBXGroup;
			children = (
				5A2F420B25E20BE1000D70A8 /* Fluffy */,
				5A2F422325E20BE3000D70A8 /* FluffyTests */,
				5A2F422E25E20BE3000D70A8 /* FluffyUITests */,
				5A2F420A25E20BE1000D70A8 /* Products */,
			);
			sourceTree = "<group>";
		};
		5A2F420A25E20BE1000D70A8 /* Products */ = {
			isa = PBXGroup;
			children = (
				5A2F420925E20BE1000D70A8 /* Fluffy.app */,
				5A2F422025E20BE3000D70A8 /* FluffyTests.xctest */,
				5A2F422B25E20BE3000D70A8 /* FluffyUITests.xctest */,
			);
			name = Products;
			sourceTree = "<group>";
		};
		5A2F420B25E20BE1000D70A8 /* Fluffy */ = {
			isa = PBXGroup;
			children = (
				5A2F420C25E20BE1000D70A8 /* FluffyApp.swift */,
				5A2F427025E22E6A000D70A8 /* Debug.swift */,
				5ADDED17266472B800CF87B7 /* Utilities */,
				5A2F424B25E20E03000D70A8 /* Model */,
				5A2F425925E211EF000D70A8 /* Views */,
				5A1B8C7226092C7B000B2120 /* Main.storyboard */,
				5A2F421025E20BE3000D70A8 /* Assets.xcassets */,
				5A2F421A25E20BE3000D70A8 /* Info.plist */,
				5A2F421B25E20BE3000D70A8 /* Fluffy.entitlements */,
				5A2F421225E20BE3000D70A8 /* Preview Content */,
			);
			path = Fluffy;
			sourceTree = "<group>";
		};
		5A2F421225E20BE3000D70A8 /* Preview Content */ = {
			isa = PBXGroup;
			children = (
				5A2F421325E20BE3000D70A8 /* Preview Assets.xcassets */,
			);
			path = "Preview Content";
			sourceTree = "<group>";
		};
		5A2F422325E20BE3000D70A8 /* FluffyTests */ = {
			isa = PBXGroup;
			children = (
				5A2F422425E20BE3000D70A8 /* ImagesTests.swift */,
				5A2F422625E20BE3000D70A8 /* Info.plist */,
			);
			path = FluffyTests;
			sourceTree = "<group>";
		};
		5A2F422E25E20BE3000D70A8 /* FluffyUITests */ = {
			isa = PBXGroup;
			children = (
				5A2F422F25E20BE3000D70A8 /* ImagesUITests.swift */,
				5A2F423125E20BE3000D70A8 /* Info.plist */,
			);
			path = FluffyUITests;
			sourceTree = "<group>";
		};
		5A2F424B25E20E03000D70A8 /* Model */ = {
			isa = PBXGroup;
			children = (
				5A2F421525E20BE3000D70A8 /* Persistence.swift */,
				5A9CB7532637380E00D8488E /* DirectoryPasteboardItem.swift */,
				5A9CB758263743C900D8488E /* ImagePasteboardItem.swift */,
				5A2F421725E20BE3000D70A8 /* Fluffy.xcdatamodeld */,
				5A2F424C25E20E08000D70A8 /* Entities */,
			);
			path = Model;
			sourceTree = "<group>";
		};
		5A2F424C25E20E08000D70A8 /* Entities */ = {
			isa = PBXGroup;
			children = (
				5A2F424125E20DF8000D70A8 /* File.swift */,
				5A2F424225E20DF8000D70A8 /* Directory.swift */,
			);
			path = Entities;
			sourceTree = "<group>";
		};
		5A2F425925E211EF000D70A8 /* Views */ = {
			isa = PBXGroup;
			children = (
				5A1B8C4F26091D3B000B2120 /* AppKit */,
				5A4098AC261C3C44007F07D6 /* SwiftUI */,
			);
			path = Views;
			sourceTree = "<group>";
		};
		5A36FAA226759B0A0033C41B /* Inspectors */ = {
			isa = PBXGroup;
			children = (
				5A36FAA32675A8250033C41B /* InspectorView.swift */,
				5A36FAA52675ABCA0033C41B /* ImageTabItemView.swift */,
				5A36FAA026759B070033C41B /* FileInspectorView.swift */,
				5A1B1D53267764B6002FF636 /* DirectoryInspectorView.swift */,
			);
			path = Inspectors;
			sourceTree = "<group>";
		};
		5A4098AC261C3C44007F07D6 /* SwiftUI */ = {
			isa = PBXGroup;
			children = (
				5A2F426B25E2297C000D70A8 /* PrimaryView.swift */,
				5A1E2DD02671EE550080EF8B /* SettingsView.swift */,
				5AB3CA4C2677F4CE005F01B0 /* Components */,
				5ABE618D2652ED6E00308B11 /* ImageCollectionView */,
				5A36FAA226759B0A0033C41B /* Inspectors */,
				5AB3CA4D2677F529005F01B0 /* Center */,
			);
			path = SwiftUI;
			sourceTree = "<group>";
		};
		5A8E6969266AE64800F7748B /* ImageLoading */ = {
			isa = PBXGroup;
			children = (
				5ABE619226531A2900308B11 /* DiskImageLoader.swift */,
				5A8E6967266AE62000F7748B /* ThumbnailDiskImageLoader.swift */,
				5A8E6965266AE3CA00F7748B /* DiskImageLoaderGroup.swift */,
				5ADDED18266472F500CF87B7 /* ImageCache.swift */,
			);
			path = ImageLoading;
			sourceTree = "<group>";
		};
		5AB3CA4C2677F4CE005F01B0 /* Components */ = {
			isa = PBXGroup;
			children = (
				5A2F427825E23245000D70A8 /* VisualEffectView.swift */,
				5A8A979D261AF2A900FBE591 /* LazyDiskImage.swift */,
				5ABE618B2652EA8300308B11 /* ManualUpdatableView.swift */,
				CD71666627137106009630C5 /* SelectionManager.swift */,
				CD38B2602721DD050065A1CD /* ShowInFinderButton.swift */,
			);
			path = Components;
			sourceTree = "<group>";
		};
		5AB3CA4D2677F529005F01B0 /* Center */ = {
			isa = PBXGroup;
			children = (
				5A2BAE36266EFB07006DD01C /* CenterView.swift */,
				5A484B59266423FF0007D565 /* DetailView.swift */,
				5AEE3145266ABE1700495FD6 /* BottomBarView.swift */,
				CD7166682713B876009630C5 /* DetailGridView.swift */,
			);
			path = Center;
			sourceTree = "<group>";
		};
		5ABE618D2652ED6E00308B11 /* ImageCollectionView */ = {
			isa = PBXGroup;
			children = (
				5ACD136325FF3D1400E64523 /* ImageCollectionView.swift */,
				5ABE61902652F04C00308B11 /* ImageCollectionIconsView.swift */,
				5ABE618E2652ED8A00308B11 /* ImageCollectionListView.swift */,
				5A1B1D5126774FD7002FF636 /* ImageCollectionItemContextMenu.swift */,
				CDF802B8270FEE750040FF04 /* ImageCollectionTableView.swift */,
			);
			path = ImageCollectionView;
			sourceTree = "<group>";
		};
		5ADDED17266472B800CF87B7 /* Utilities */ = {
			isa = PBXGroup;
			children = (
				5A484B5B266431340007D565 /* GestureViewModifiers.swift */,
				5A1E2DD22671EFBA0080EF8B /* Array.swift */,
				5A8E696A266AEB5E00F7748B /* Constants.swift */,
				5A2BAE34266DABFB006DD01C /* URL.swift */,
				5A8E6969266AE64800F7748B /* ImageLoading */,
			);
			path = Utilities;
			sourceTree = "<group>";
		};
/* End PBXGroup section */

/* Begin PBXNativeTarget section */
		5A2F420825E20BE1000D70A8 /* Fluffy */ = {
			isa = PBXNativeTarget;
			buildConfigurationList = 5A2F423425E20BE3000D70A8 /* Build configuration list for PBXNativeTarget "Fluffy" */;
			buildPhases = (
				5A2F420525E20BE1000D70A8 /* Sources */,
				5A2F420625E20BE1000D70A8 /* Frameworks */,
				5A2F420725E20BE1000D70A8 /* Resources */,
			);
			buildRules = (
			);
			dependencies = (
			);
			name = Fluffy;
			packageProductDependencies = (
				5ADDED1B266477C500CF87B7 /* Collections */,
			);
			productName = Images;
			productReference = 5A2F420925E20BE1000D70A8 /* Fluffy.app */;
			productType = "com.apple.product-type.application";
		};
		5A2F421F25E20BE3000D70A8 /* FluffyTests */ = {
			isa = PBXNativeTarget;
			buildConfigurationList = 5A2F423725E20BE3000D70A8 /* Build configuration list for PBXNativeTarget "FluffyTests" */;
			buildPhases = (
				5A2F421C25E20BE3000D70A8 /* Sources */,
				5A2F421D25E20BE3000D70A8 /* Frameworks */,
				5A2F421E25E20BE3000D70A8 /* Resources */,
			);
			buildRules = (
			);
			dependencies = (
				5A2F422225E20BE3000D70A8 /* PBXTargetDependency */,
			);
			name = FluffyTests;
			productName = ImagesTests;
			productReference = 5A2F422025E20BE3000D70A8 /* FluffyTests.xctest */;
			productType = "com.apple.product-type.bundle.unit-test";
		};
		5A2F422A25E20BE3000D70A8 /* FluffyUITests */ = {
			isa = PBXNativeTarget;
			buildConfigurationList = 5A2F423A25E20BE3000D70A8 /* Build configuration list for PBXNativeTarget "FluffyUITests" */;
			buildPhases = (
				5A2F422725E20BE3000D70A8 /* Sources */,
				5A2F422825E20BE3000D70A8 /* Frameworks */,
				5A2F422925E20BE3000D70A8 /* Resources */,
			);
			buildRules = (
			);
			dependencies = (
				5A2F422D25E20BE3000D70A8 /* PBXTargetDependency */,
			);
			name = FluffyUITests;
			productName = ImagesUITests;
			productReference = 5A2F422B25E20BE3000D70A8 /* FluffyUITests.xctest */;
			productType = "com.apple.product-type.bundle.ui-testing";
		};
/* End PBXNativeTarget section */

/* Begin PBXProject section */
		5A2F420125E20BE1000D70A8 /* Project object */ = {
			isa = PBXProject;
			attributes = {
				LastSwiftUpdateCheck = 1240;
				LastUpgradeCheck = 1250;
				TargetAttributes = {
					5A2F420825E20BE1000D70A8 = {
						CreatedOnToolsVersion = 12.4;
					};
					5A2F421F25E20BE3000D70A8 = {
						CreatedOnToolsVersion = 12.4;
						TestTargetID = 5A2F420825E20BE1000D70A8;
					};
					5A2F422A25E20BE3000D70A8 = {
						CreatedOnToolsVersion = 12.4;
						TestTargetID = 5A2F420825E20BE1000D70A8;
					};
				};
			};
			buildConfigurationList = 5A2F420425E20BE1000D70A8 /* Build configuration list for PBXProject "Fluffy" */;
			compatibilityVersion = "Xcode 9.3";
			developmentRegion = en;
			hasScannedForEncodings = 0;
			knownRegions = (
				en,
				Base,
			);
			mainGroup = 5A2F420025E20BE1000D70A8;
			packageReferences = (
				5ADDED1A266477C500CF87B7 /* XCRemoteSwiftPackageReference "swift-collections" */,
			);
			productRefGroup = 5A2F420A25E20BE1000D70A8 /* Products */;
			projectDirPath = "";
			projectRoot = "";
			targets = (
				5A2F420825E20BE1000D70A8 /* Fluffy */,
				5A2F421F25E20BE3000D70A8 /* FluffyTests */,
				5A2F422A25E20BE3000D70A8 /* FluffyUITests */,
			);
		};
/* End PBXProject section */

/* Begin PBXResourcesBuildPhase section */
		5A2F420725E20BE1000D70A8 /* Resources */ = {
			isa = PBXResourcesBuildPhase;
			buildActionMask = 2147483647;
			files = (
				5A1B8C7326092C7B000B2120 /* Main.storyboard in Resources */,
				5A2F421425E20BE3000D70A8 /* Preview Assets.xcassets in Resources */,
				5A2F421125E20BE3000D70A8 /* Assets.xcassets in Resources */,
			);
			runOnlyForDeploymentPostprocessing = 0;
		};
		5A2F421E25E20BE3000D70A8 /* Resources */ = {
			isa = PBXResourcesBuildPhase;
			buildActionMask = 2147483647;
			files = (
			);
			runOnlyForDeploymentPostprocessing = 0;
		};
		5A2F422925E20BE3000D70A8 /* Resources */ = {
			isa = PBXResourcesBuildPhase;
			buildActionMask = 2147483647;
			files = (
			);
			runOnlyForDeploymentPostprocessing = 0;
		};
/* End PBXResourcesBuildPhase section */

/* Begin PBXSourcesBuildPhase section */
		5A2F420525E20BE1000D70A8 /* Sources */ = {
			isa = PBXSourcesBuildPhase;
			buildActionMask = 2147483647;
			files = (
				5A2F421625E20BE3000D70A8 /* Persistence.swift in Sources */,
				5A2BAE37266EFB07006DD01C /* CenterView.swift in Sources */,
				5A9CB7542637380E00D8488E /* DirectoryPasteboardItem.swift in Sources */,
				5A2F424525E20DF8000D70A8 /* File.swift in Sources */,
				5AEE3146266ABE1700495FD6 /* BottomBarView.swift in Sources */,
				5A1E2DD32671EFBA0080EF8B /* Array.swift in Sources */,
				CD7166692713B876009630C5 /* DetailGridView.swift in Sources */,
				5A36FAA62675ABCA0033C41B /* ImageTabItemView.swift in Sources */,
				5AC1F3D926731C9A009B6366 /* Coordinator+FirstResponder.swift in Sources */,
				5A8A9790261AE6BA00FBE591 /* SidebarView.swift in Sources */,
				5A2F426C25E2297C000D70A8 /* PrimaryView.swift in Sources */,
				5A484B5A266423FF0007D565 /* DetailView.swift in Sources */,
				5A2F427125E22E6A000D70A8 /* Debug.swift in Sources */,
				5A2F427925E23245000D70A8 /* VisualEffectView.swift in Sources */,
				5A36FAA42675A8250033C41B /* InspectorView.swift in Sources */,
				5A1B8C5A26092828000B2120 /* SidebarOutlineViewController.swift in Sources */,
				CDF802B9270FEE750040FF04 /* ImageCollectionTableView.swift in Sources */,
				5A2F421925E20BE3000D70A8 /* Fluffy.xcdatamodeld in Sources */,
				5A8E696B266AEB5E00F7748B /* Constants.swift in Sources */,
				CD38B2612721DD050065A1CD /* ShowInFinderButton.swift in Sources */,
				5A8E6968266AE62000F7748B /* ThumbnailDiskImageLoader.swift in Sources */,
				5A8E6966266AE3CA00F7748B /* DiskImageLoaderGroup.swift in Sources */,
				5A1B1D5226774FD7002FF636 /* ImageCollectionItemContextMenu.swift in Sources */,
				5A484B5C266431340007D565 /* GestureViewModifiers.swift in Sources */,
				5ABE618C2652EA8300308B11 /* ManualUpdatableView.swift in Sources */,
				5A2F420D25E20BE1000D70A8 /* FluffyApp.swift in Sources */,
				5ACD136425FF3D1400E64523 /* ImageCollectionView.swift in Sources */,
				5A8A979E261AF2A900FBE591 /* LazyDiskImage.swift in Sources */,
				CD71666727137106009630C5 /* SelectionManager.swift in Sources */,
				5A2BAE35266DABFB006DD01C /* URL.swift in Sources */,
				5A9CB759263743C900D8488E /* ImagePasteboardItem.swift in Sources */,
				5ABE618F2652ED8A00308B11 /* ImageCollectionListView.swift in Sources */,
				5A1B8C5526091D84000B2120 /* SidebarViewController.swift in Sources */,
				5ADDED19266472F500CF87B7 /* ImageCache.swift in Sources */,
				5A9CB74F2637365900D8488E /* Coordinator+DragDrop.swift in Sources */,
				5A2F424625E20DF8000D70A8 /* Directory.swift in Sources */,
				5A36FAA126759B070033C41B /* FileInspectorView.swift in Sources */,
				5A1B1D54267764B6002FF636 /* DirectoryInspectorView.swift in Sources */,
				5ABE61912652F04C00308B11 /* ImageCollectionIconsView.swift in Sources */,
				5ABE619326531A2900308B11 /* DiskImageLoader.swift in Sources */,
				5A1E2DD12671EE550080EF8B /* SettingsView.swift in Sources */,
				5A8A978B261ADF6700FBE591 /* Coordinator+NSOutlineViewDelegate.swift in Sources */,
			);
			runOnlyForDeploymentPostprocessing = 0;
		};
		5A2F421C25E20BE3000D70A8 /* Sources */ = {
			isa = PBXSourcesBuildPhase;
			buildActionMask = 2147483647;
			files = (
				5A2F422525E20BE3000D70A8 /* ImagesTests.swift in Sources */,
			);
			runOnlyForDeploymentPostprocessing = 0;
		};
		5A2F422725E20BE3000D70A8 /* Sources */ = {
			isa = PBXSourcesBuildPhase;
			buildActionMask = 2147483647;
			files = (
				5A2F423025E20BE3000D70A8 /* ImagesUITests.swift in Sources */,
			);
			runOnlyForDeploymentPostprocessing = 0;
		};
/* End PBXSourcesBuildPhase section */

/* Begin PBXTargetDependency section */
		5A2F422225E20BE3000D70A8 /* PBXTargetDependency */ = {
			isa = PBXTargetDependency;
			target = 5A2F420825E20BE1000D70A8 /* Fluffy */;
			targetProxy = 5A2F422125E20BE3000D70A8 /* PBXContainerItemProxy */;
		};
		5A2F422D25E20BE3000D70A8 /* PBXTargetDependency */ = {
			isa = PBXTargetDependency;
			target = 5A2F420825E20BE1000D70A8 /* Fluffy */;
			targetProxy = 5A2F422C25E20BE3000D70A8 /* PBXContainerItemProxy */;
		};
/* End PBXTargetDependency section */

/* Begin XCBuildConfiguration section */
		5A2F423225E20BE3000D70A8 /* Debug */ = {
			isa = XCBuildConfiguration;
			buildSettings = {
				ALWAYS_SEARCH_USER_PATHS = NO;
				CLANG_ANALYZER_NONNULL = YES;
				CLANG_ANALYZER_NUMBER_OBJECT_CONVERSION = YES_AGGRESSIVE;
				CLANG_CXX_LANGUAGE_STANDARD = "gnu++14";
				CLANG_CXX_LIBRARY = "libc++";
				CLANG_ENABLE_MODULES = YES;
				CLANG_ENABLE_OBJC_ARC = YES;
				CLANG_ENABLE_OBJC_WEAK = YES;
				CLANG_WARN_BLOCK_CAPTURE_AUTORELEASING = YES;
				CLANG_WARN_BOOL_CONVERSION = YES;
				CLANG_WARN_COMMA = YES;
				CLANG_WARN_CONSTANT_CONVERSION = YES;
				CLANG_WARN_DEPRECATED_OBJC_IMPLEMENTATIONS = YES;
				CLANG_WARN_DIRECT_OBJC_ISA_USAGE = YES_ERROR;
				CLANG_WARN_DOCUMENTATION_COMMENTS = YES;
				CLANG_WARN_EMPTY_BODY = YES;
				CLANG_WARN_ENUM_CONVERSION = YES;
				CLANG_WARN_INFINITE_RECURSION = YES;
				CLANG_WARN_INT_CONVERSION = YES;
				CLANG_WARN_NON_LITERAL_NULL_CONVERSION = YES;
				CLANG_WARN_OBJC_IMPLICIT_RETAIN_SELF = YES;
				CLANG_WARN_OBJC_LITERAL_CONVERSION = YES;
				CLANG_WARN_OBJC_ROOT_CLASS = YES_ERROR;
				CLANG_WARN_QUOTED_INCLUDE_IN_FRAMEWORK_HEADER = YES;
				CLANG_WARN_RANGE_LOOP_ANALYSIS = YES;
				CLANG_WARN_STRICT_PROTOTYPES = YES;
				CLANG_WARN_SUSPICIOUS_MOVE = YES;
				CLANG_WARN_UNGUARDED_AVAILABILITY = YES_AGGRESSIVE;
				CLANG_WARN_UNREACHABLE_CODE = YES;
				CLANG_WARN__DUPLICATE_METHOD_MATCH = YES;
				COPY_PHASE_STRIP = NO;
				DEBUG_INFORMATION_FORMAT = dwarf;
				ENABLE_STRICT_OBJC_MSGSEND = YES;
				ENABLE_TESTABILITY = YES;
				GCC_C_LANGUAGE_STANDARD = gnu11;
				GCC_DYNAMIC_NO_PIC = NO;
				GCC_NO_COMMON_BLOCKS = YES;
				GCC_OPTIMIZATION_LEVEL = 0;
				GCC_PREPROCESSOR_DEFINITIONS = (
					"DEBUG=1",
					"$(inherited)",
				);
				GCC_WARN_64_TO_32_BIT_CONVERSION = YES;
				GCC_WARN_ABOUT_RETURN_TYPE = YES_ERROR;
				GCC_WARN_UNDECLARED_SELECTOR = YES;
				GCC_WARN_UNINITIALIZED_AUTOS = YES_AGGRESSIVE;
				GCC_WARN_UNUSED_FUNCTION = YES;
				GCC_WARN_UNUSED_VARIABLE = YES;
				MACOSX_DEPLOYMENT_TARGET = 12.0;
				MTL_ENABLE_DEBUG_INFO = INCLUDE_SOURCE;
				MTL_FAST_MATH = YES;
				ONLY_ACTIVE_ARCH = YES;
				SDKROOT = macosx;
				SWIFT_ACTIVE_COMPILATION_CONDITIONS = DEBUG;
				SWIFT_OPTIMIZATION_LEVEL = "-Onone";
			};
			name = Debug;
		};
		5A2F423325E20BE3000D70A8 /* Release */ = {
			isa = XCBuildConfiguration;
			buildSettings = {
				ALWAYS_SEARCH_USER_PATHS = NO;
				CLANG_ANALYZER_NONNULL = YES;
				CLANG_ANALYZER_NUMBER_OBJECT_CONVERSION = YES_AGGRESSIVE;
				CLANG_CXX_LANGUAGE_STANDARD = "gnu++14";
				CLANG_CXX_LIBRARY = "libc++";
				CLANG_ENABLE_MODULES = YES;
				CLANG_ENABLE_OBJC_ARC = YES;
				CLANG_ENABLE_OBJC_WEAK = YES;
				CLANG_WARN_BLOCK_CAPTURE_AUTORELEASING = YES;
				CLANG_WARN_BOOL_CONVERSION = YES;
				CLANG_WARN_COMMA = YES;
				CLANG_WARN_CONSTANT_CONVERSION = YES;
				CLANG_WARN_DEPRECATED_OBJC_IMPLEMENTATIONS = YES;
				CLANG_WARN_DIRECT_OBJC_ISA_USAGE = YES_ERROR;
				CLANG_WARN_DOCUMENTATION_COMMENTS = YES;
				CLANG_WARN_EMPTY_BODY = YES;
				CLANG_WARN_ENUM_CONVERSION = YES;
				CLANG_WARN_INFINITE_RECURSION = YES;
				CLANG_WARN_INT_CONVERSION = YES;
				CLANG_WARN_NON_LITERAL_NULL_CONVERSION = YES;
				CLANG_WARN_OBJC_IMPLICIT_RETAIN_SELF = YES;
				CLANG_WARN_OBJC_LITERAL_CONVERSION = YES;
				CLANG_WARN_OBJC_ROOT_CLASS = YES_ERROR;
				CLANG_WARN_QUOTED_INCLUDE_IN_FRAMEWORK_HEADER = YES;
				CLANG_WARN_RANGE_LOOP_ANALYSIS = YES;
				CLANG_WARN_STRICT_PROTOTYPES = YES;
				CLANG_WARN_SUSPICIOUS_MOVE = YES;
				CLANG_WARN_UNGUARDED_AVAILABILITY = YES_AGGRESSIVE;
				CLANG_WARN_UNREACHABLE_CODE = YES;
				CLANG_WARN__DUPLICATE_METHOD_MATCH = YES;
				COPY_PHASE_STRIP = NO;
				DEBUG_INFORMATION_FORMAT = "dwarf-with-dsym";
				ENABLE_NS_ASSERTIONS = NO;
				ENABLE_STRICT_OBJC_MSGSEND = YES;
				GCC_C_LANGUAGE_STANDARD = gnu11;
				GCC_NO_COMMON_BLOCKS = YES;
				GCC_WARN_64_TO_32_BIT_CONVERSION = YES;
				GCC_WARN_ABOUT_RETURN_TYPE = YES_ERROR;
				GCC_WARN_UNDECLARED_SELECTOR = YES;
				GCC_WARN_UNINITIALIZED_AUTOS = YES_AGGRESSIVE;
				GCC_WARN_UNUSED_FUNCTION = YES;
				GCC_WARN_UNUSED_VARIABLE = YES;
				MACOSX_DEPLOYMENT_TARGET = 12.0;
				MTL_ENABLE_DEBUG_INFO = NO;
				MTL_FAST_MATH = YES;
				SDKROOT = macosx;
				SWIFT_COMPILATION_MODE = wholemodule;
				SWIFT_OPTIMIZATION_LEVEL = "-O";
			};
			name = Release;
		};
		5A2F423525E20BE3000D70A8 /* Debug */ = {
			isa = XCBuildConfiguration;
			buildSettings = {
				ASSETCATALOG_COMPILER_APPICON_NAME = AppIcon;
				ASSETCATALOG_COMPILER_GLOBAL_ACCENT_COLOR_NAME = AccentColor;
				CODE_SIGN_ENTITLEMENTS = Fluffy/Fluffy.entitlements;
				CODE_SIGN_IDENTITY = "-";
				CODE_SIGN_STYLE = Manual;
				COMBINE_HIDPI_IMAGES = YES;
				CURRENT_PROJECT_VERSION = 1;
				DEVELOPMENT_ASSET_PATHS = "\"Fluffy/Preview Content\"";
				DEVELOPMENT_TEAM = "";
				ENABLE_HARDENED_RUNTIME = YES;
				ENABLE_PREVIEWS = YES;
				INFOPLIST_FILE = Fluffy/Info.plist;
				LD_RUNPATH_SEARCH_PATHS = (
					"$(inherited)",
					"@executable_path/../Frameworks",
				);
				MACOSX_DEPLOYMENT_TARGET = 12.0;
				MARKETING_VERSION = 1.5;
				PRODUCT_BUNDLE_IDENTIFIER = com.HRG.Fluffy;
				PRODUCT_NAME = "$(TARGET_NAME)";
				PROVISIONING_PROFILE_SPECIFIER = "";
				SWIFT_VERSION = 5.0;
			};
			name = Debug;
		};
		5A2F423625E20BE3000D70A8 /* Release */ = {
			isa = XCBuildConfiguration;
			buildSettings = {
				ASSETCATALOG_COMPILER_APPICON_NAME = AppIcon;
				ASSETCATALOG_COMPILER_GLOBAL_ACCENT_COLOR_NAME = AccentColor;
				CODE_SIGN_ENTITLEMENTS = Fluffy/Fluffy.entitlements;
				CODE_SIGN_IDENTITY = "-";
				CODE_SIGN_STYLE = Manual;
				COMBINE_HIDPI_IMAGES = YES;
				CURRENT_PROJECT_VERSION = 1;
				DEVELOPMENT_ASSET_PATHS = "\"Fluffy/Preview Content\"";
				DEVELOPMENT_TEAM = "";
				ENABLE_HARDENED_RUNTIME = YES;
				ENABLE_PREVIEWS = YES;
				GCC_OPTIMIZATION_LEVEL = s;
				INFOPLIST_FILE = Fluffy/Info.plist;
				LD_RUNPATH_SEARCH_PATHS = (
					"$(inherited)",
					"@executable_path/../Frameworks",
				);
				MACOSX_DEPLOYMENT_TARGET = 12.0;
				MARKETING_VERSION = 1.5;
				PRODUCT_BUNDLE_IDENTIFIER = com.HRG.Fluffy;
				PRODUCT_NAME = "$(TARGET_NAME)";
				PROVISIONING_PROFILE_SPECIFIER = "";
				SWIFT_OPTIMIZATION_LEVEL = "-Onone";
				SWIFT_VERSION = 5.0;
			};
			name = Release;
		};
		5A2F423825E20BE3000D70A8 /* Debug */ = {
			isa = XCBuildConfiguration;
			buildSettings = {
				ALWAYS_EMBED_SWIFT_STANDARD_LIBRARIES = YES;
				BUNDLE_LOADER = "$(TEST_HOST)";
				CODE_SIGN_STYLE = Automatic;
				COMBINE_HIDPI_IMAGES = YES;
				DEVELOPMENT_TEAM = 3ER597LK99;
				INFOPLIST_FILE = ImagesTests/Info.plist;
				LD_RUNPATH_SEARCH_PATHS = (
					"$(inherited)",
					"@executable_path/../Frameworks",
					"@loader_path/../Frameworks",
				);
				MACOSX_DEPLOYMENT_TARGET = 11.0;
				PRODUCT_BUNDLE_IDENTIFIER = com.connorbarnes.ImagesTests;
				PRODUCT_NAME = "$(TARGET_NAME)";
				SWIFT_VERSION = 5.0;
				TEST_HOST = "$(BUILT_PRODUCTS_DIR)/Images.app/Contents/MacOS/Images";
			};
			name = Debug;
		};
		5A2F423925E20BE3000D70A8 /* Release */ = {
			isa = XCBuildConfiguration;
			buildSettings = {
				ALWAYS_EMBED_SWIFT_STANDARD_LIBRARIES = YES;
				BUNDLE_LOADER = "$(TEST_HOST)";
				CODE_SIGN_STYLE = Automatic;
				COMBINE_HIDPI_IMAGES = YES;
				DEVELOPMENT_TEAM = 3ER597LK99;
				INFOPLIST_FILE = ImagesTests/Info.plist;
				LD_RUNPATH_SEARCH_PATHS = (
					"$(inherited)",
					"@executable_path/../Frameworks",
					"@loader_path/../Frameworks",
				);
				MACOSX_DEPLOYMENT_TARGET = 11.0;
				PRODUCT_BUNDLE_IDENTIFIER = com.connorbarnes.ImagesTests;
				PRODUCT_NAME = "$(TARGET_NAME)";
				SWIFT_VERSION = 5.0;
				TEST_HOST = "$(BUILT_PRODUCTS_DIR)/Images.app/Contents/MacOS/Images";
			};
			name = Release;
		};
		5A2F423B25E20BE3000D70A8 /* Debug */ = {
			isa = XCBuildConfiguration;
			buildSettings = {
				ALWAYS_EMBED_SWIFT_STANDARD_LIBRARIES = YES;
				CODE_SIGN_STYLE = Automatic;
				COMBINE_HIDPI_IMAGES = YES;
				DEVELOPMENT_TEAM = 3ER597LK99;
				INFOPLIST_FILE = ImagesUITests/Info.plist;
				LD_RUNPATH_SEARCH_PATHS = (
					"$(inherited)",
					"@executable_path/../Frameworks",
					"@loader_path/../Frameworks",
				);
				PRODUCT_BUNDLE_IDENTIFIER = com.connorbarnes.ImagesUITests;
				PRODUCT_NAME = "$(TARGET_NAME)";
				SWIFT_VERSION = 5.0;
				TEST_TARGET_NAME = Images;
			};
			name = Debug;
		};
		5A2F423C25E20BE3000D70A8 /* Release */ = {
			isa = XCBuildConfiguration;
			buildSettings = {
				ALWAYS_EMBED_SWIFT_STANDARD_LIBRARIES = YES;
				CODE_SIGN_STYLE = Automatic;
				COMBINE_HIDPI_IMAGES = YES;
				DEVELOPMENT_TEAM = 3ER597LK99;
				INFOPLIST_FILE = ImagesUITests/Info.plist;
				LD_RUNPATH_SEARCH_PATHS = (
					"$(inherited)",
					"@executable_path/../Frameworks",
					"@loader_path/../Frameworks",
				);
				PRODUCT_BUNDLE_IDENTIFIER = com.connorbarnes.ImagesUITests;
				PRODUCT_NAME = "$(TARGET_NAME)";
				SWIFT_VERSION = 5.0;
				TEST_TARGET_NAME = Images;
			};
			name = Release;
		};
/* End XCBuildConfiguration section */

/* Begin XCConfigurationList section */
		5A2F420425E20BE1000D70A8 /* Build configuration list for PBXProject "Fluffy" */ = {
			isa = XCConfigurationList;
			buildConfigurations = (
				5A2F423225E20BE3000D70A8 /* Debug */,
				5A2F423325E20BE3000D70A8 /* Release */,
			);
			defaultConfigurationIsVisible = 0;
			defaultConfigurationName = Release;
		};
		5A2F423425E20BE3000D70A8 /* Build configuration list for PBXNativeTarget "Fluffy" */ = {
			isa = XCConfigurationList;
			buildConfigurations = (
				5A2F423525E20BE3000D70A8 /* Debug */,
				5A2F423625E20BE3000D70A8 /* Release */,
			);
			defaultConfigurationIsVisible = 0;
			defaultConfigurationName = Release;
		};
		5A2F423725E20BE3000D70A8 /* Build configuration list for PBXNativeTarget "FluffyTests" */ = {
			isa = XCConfigurationList;
			buildConfigurations = (
				5A2F423825E20BE3000D70A8 /* Debug */,
				5A2F423925E20BE3000D70A8 /* Release */,
			);
			defaultConfigurationIsVisible = 0;
			defaultConfigurationName = Release;
		};
		5A2F423A25E20BE3000D70A8 /* Build configuration list for PBXNativeTarget "FluffyUITests" */ = {
			isa = XCConfigurationList;
			buildConfigurations = (
				5A2F423B25E20BE3000D70A8 /* Debug */,
				5A2F423C25E20BE3000D70A8 /* Release */,
			);
			defaultConfigurationIsVisible = 0;
			defaultConfigurationName = Release;
		};
/* End XCConfigurationList section */

/* Begin XCRemoteSwiftPackageReference section */
		5ADDED1A266477C500CF87B7 /* XCRemoteSwiftPackageReference "swift-collections" */ = {
			isa = XCRemoteSwiftPackageReference;
			repositoryURL = "https://github.com/apple/swift-collections";
			requirement = {
				kind = exactVersion;
				version = 0.0.3;
			};
		};
/* End XCRemoteSwiftPackageReference section */

/* Begin XCSwiftPackageProductDependency section */
		5ADDED1B266477C500CF87B7 /* Collections */ = {
			isa = XCSwiftPackageProductDependency;
			package = 5ADDED1A266477C500CF87B7 /* XCRemoteSwiftPackageReference "swift-collections" */;
			productName = Collections;
		};
/* End XCSwiftPackageProductDependency section */

/* Begin XCVersionGroup section */
		5A2F421725E20BE3000D70A8 /* Fluffy.xcdatamodeld */ = {
			isa = XCVersionGroup;
			children = (
				5A2F421825E20BE3000D70A8 /* Images.xcdatamodel */,
			);
			currentVersion = 5A2F421825E20BE3000D70A8 /* Images.xcdatamodel */;
			path = Fluffy.xcdatamodeld;
			sourceTree = "<group>";
			versionGroupType = wrapper.xcdatamodel;
		};
/* End XCVersionGroup section */
	};
	rootObject = 5A2F420125E20BE1000D70A8 /* Project object */;
}
