// !$*UTF8*$!
{
	archiveVersion = 1;
	classes = {
	};
	objectVersion = 50;
	objects = {

/* Begin PBXBuildFile section */
		5A1B8C5526091D84000B2120 /* SidebarViewController.swift in Sources */ = {isa = PBXBuildFile; fileRef = 5A1B8C5426091D84000B2120 /* SidebarViewController.swift */; };
		5A1B8C5A26092828000B2120 /* SidebarOutlineView.swift in Sources */ = {isa = PBXBuildFile; fileRef = 5A1B8C5926092828000B2120 /* SidebarOutlineView.swift */; };
		5A1B8C7326092C7B000B2120 /* Main.storyboard in Resources */ = {isa = PBXBuildFile; fileRef = 5A1B8C7226092C7B000B2120 /* Main.storyboard */; };
		5A2F420D25E20BE1000D70A8 /* ImagesApp.swift in Sources */ = {isa = PBXBuildFile; fileRef = 5A2F420C25E20BE1000D70A8 /* ImagesApp.swift */; };
		5A2F421125E20BE3000D70A8 /* Assets.xcassets in Resources */ = {isa = PBXBuildFile; fileRef = 5A2F421025E20BE3000D70A8 /* Assets.xcassets */; };
		5A2F421425E20BE3000D70A8 /* Preview Assets.xcassets in Resources */ = {isa = PBXBuildFile; fileRef = 5A2F421325E20BE3000D70A8 /* Preview Assets.xcassets */; };
		5A2F421625E20BE3000D70A8 /* Persistence.swift in Sources */ = {isa = PBXBuildFile; fileRef = 5A2F421525E20BE3000D70A8 /* Persistence.swift */; };
		5A2F421925E20BE3000D70A8 /* Images.xcdatamodeld in Sources */ = {isa = PBXBuildFile; fileRef = 5A2F421725E20BE3000D70A8 /* Images.xcdatamodeld */; };
		5A2F422525E20BE3000D70A8 /* ImagesTests.swift in Sources */ = {isa = PBXBuildFile; fileRef = 5A2F422425E20BE3000D70A8 /* ImagesTests.swift */; };
		5A2F423025E20BE3000D70A8 /* ImagesUITests.swift in Sources */ = {isa = PBXBuildFile; fileRef = 5A2F422F25E20BE3000D70A8 /* ImagesUITests.swift */; };
		5A2F424525E20DF8000D70A8 /* File.swift in Sources */ = {isa = PBXBuildFile; fileRef = 5A2F424125E20DF8000D70A8 /* File.swift */; };
		5A2F424625E20DF8000D70A8 /* Directory.swift in Sources */ = {isa = PBXBuildFile; fileRef = 5A2F424225E20DF8000D70A8 /* Directory.swift */; };
		5A2F426C25E2297C000D70A8 /* PrimaryView.swift in Sources */ = {isa = PBXBuildFile; fileRef = 5A2F426B25E2297C000D70A8 /* PrimaryView.swift */; };
		5A2F427125E22E6A000D70A8 /* Debug.swift in Sources */ = {isa = PBXBuildFile; fileRef = 5A2F427025E22E6A000D70A8 /* Debug.swift */; };
		5A2F427925E23245000D70A8 /* VisualEffectView.swift in Sources */ = {isa = PBXBuildFile; fileRef = 5A2F427825E23245000D70A8 /* VisualEffectView.swift */; };
		5A8A978B261ADF6700FBE591 /* SidebarViewController+NSOutlineViewDelegate.swift in Sources */ = {isa = PBXBuildFile; fileRef = 5A8A978A261ADF6700FBE591 /* SidebarViewController+NSOutlineViewDelegate.swift */; };
		5A8A9790261AE6BA00FBE591 /* SidebarView.swift in Sources */ = {isa = PBXBuildFile; fileRef = 5A8A978F261AE6BA00FBE591 /* SidebarView.swift */; };
		5A8A979E261AF2A900FBE591 /* LazyDiskImage.swift in Sources */ = {isa = PBXBuildFile; fileRef = 5A8A979D261AF2A900FBE591 /* LazyDiskImage.swift */; };
		5ACD136425FF3D1400E64523 /* ImageCollectionView.swift in Sources */ = {isa = PBXBuildFile; fileRef = 5ACD136325FF3D1400E64523 /* ImageCollectionView.swift */; };
/* End PBXBuildFile section */

/* Begin PBXContainerItemProxy section */
		5A2F422125E20BE3000D70A8 /* PBXContainerItemProxy */ = {
			isa = PBXContainerItemProxy;
			containerPortal = 5A2F420125E20BE1000D70A8 /* Project object */;
			proxyType = 1;
			remoteGlobalIDString = 5A2F420825E20BE1000D70A8;
			remoteInfo = Images;
		};
		5A2F422C25E20BE3000D70A8 /* PBXContainerItemProxy */ = {
			isa = PBXContainerItemProxy;
			containerPortal = 5A2F420125E20BE1000D70A8 /* Project object */;
			proxyType = 1;
			remoteGlobalIDString = 5A2F420825E20BE1000D70A8;
			remoteInfo = Images;
		};
/* End PBXContainerItemProxy section */

/* Begin PBXFileReference section */
		5A1B8C5426091D84000B2120 /* SidebarViewController.swift */ = {isa = PBXFileReference; lastKnownFileType = sourcecode.swift; path = SidebarViewController.swift; sourceTree = "<group>"; };
		5A1B8C5926092828000B2120 /* SidebarOutlineView.swift */ = {isa = PBXFileReference; lastKnownFileType = sourcecode.swift; path = SidebarOutlineView.swift; sourceTree = "<group>"; };
		5A1B8C7226092C7B000B2120 /* Main.storyboard */ = {isa = PBXFileReference; lastKnownFileType = file.storyboard; path = Main.storyboard; sourceTree = "<group>"; };
		5A2F420925E20BE1000D70A8 /* Images.app */ = {isa = PBXFileReference; explicitFileType = wrapper.application; includeInIndex = 0; path = Images.app; sourceTree = BUILT_PRODUCTS_DIR; };
		5A2F420C25E20BE1000D70A8 /* ImagesApp.swift */ = {isa = PBXFileReference; lastKnownFileType = sourcecode.swift; path = ImagesApp.swift; sourceTree = "<group>"; };
		5A2F421025E20BE3000D70A8 /* Assets.xcassets */ = {isa = PBXFileReference; lastKnownFileType = folder.assetcatalog; path = Assets.xcassets; sourceTree = "<group>"; };
		5A2F421325E20BE3000D70A8 /* Preview Assets.xcassets */ = {isa = PBXFileReference; lastKnownFileType = folder.assetcatalog; path = "Preview Assets.xcassets"; sourceTree = "<group>"; };
		5A2F421525E20BE3000D70A8 /* Persistence.swift */ = {isa = PBXFileReference; lastKnownFileType = sourcecode.swift; path = Persistence.swift; sourceTree = "<group>"; };
		5A2F421825E20BE3000D70A8 /* Images.xcdatamodel */ = {isa = PBXFileReference; lastKnownFileType = wrapper.xcdatamodel; path = Images.xcdatamodel; sourceTree = "<group>"; };
		5A2F421A25E20BE3000D70A8 /* Info.plist */ = {isa = PBXFileReference; lastKnownFileType = text.plist.xml; path = Info.plist; sourceTree = "<group>"; };
		5A2F421B25E20BE3000D70A8 /* Images.entitlements */ = {isa = PBXFileReference; lastKnownFileType = text.plist.entitlements; path = Images.entitlements; sourceTree = "<group>"; };
		5A2F422025E20BE3000D70A8 /* ImagesTests.xctest */ = {isa = PBXFileReference; explicitFileType = wrapper.cfbundle; includeInIndex = 0; path = ImagesTests.xctest; sourceTree = BUILT_PRODUCTS_DIR; };
		5A2F422425E20BE3000D70A8 /* ImagesTests.swift */ = {isa = PBXFileReference; lastKnownFileType = sourcecode.swift; path = ImagesTests.swift; sourceTree = "<group>"; };
		5A2F422625E20BE3000D70A8 /* Info.plist */ = {isa = PBXFileReference; lastKnownFileType = text.plist.xml; path = Info.plist; sourceTree = "<group>"; };
		5A2F422B25E20BE3000D70A8 /* ImagesUITests.xctest */ = {isa = PBXFileReference; explicitFileType = wrapper.cfbundle; includeInIndex = 0; path = ImagesUITests.xctest; sourceTree = BUILT_PRODUCTS_DIR; };
		5A2F422F25E20BE3000D70A8 /* ImagesUITests.swift */ = {isa = PBXFileReference; lastKnownFileType = sourcecode.swift; path = ImagesUITests.swift; sourceTree = "<group>"; };
		5A2F423125E20BE3000D70A8 /* Info.plist */ = {isa = PBXFileReference; lastKnownFileType = text.plist.xml; path = Info.plist; sourceTree = "<group>"; };
		5A2F424125E20DF8000D70A8 /* File.swift */ = {isa = PBXFileReference; lastKnownFileType = sourcecode.swift; path = File.swift; sourceTree = "<group>"; };
		5A2F424225E20DF8000D70A8 /* Directory.swift */ = {isa = PBXFileReference; lastKnownFileType = sourcecode.swift; path = Directory.swift; sourceTree = "<group>"; };
		5A2F426B25E2297C000D70A8 /* PrimaryView.swift */ = {isa = PBXFileReference; lastKnownFileType = sourcecode.swift; path = PrimaryView.swift; sourceTree = "<group>"; };
		5A2F427025E22E6A000D70A8 /* Debug.swift */ = {isa = PBXFileReference; lastKnownFileType = sourcecode.swift; path = Debug.swift; sourceTree = "<group>"; };
		5A2F427825E23245000D70A8 /* VisualEffectView.swift */ = {isa = PBXFileReference; lastKnownFileType = sourcecode.swift; path = VisualEffectView.swift; sourceTree = "<group>"; };
		5A8A978A261ADF6700FBE591 /* SidebarViewController+NSOutlineViewDelegate.swift */ = {isa = PBXFileReference; lastKnownFileType = sourcecode.swift; path = "SidebarViewController+NSOutlineViewDelegate.swift"; sourceTree = "<group>"; };
		5A8A978F261AE6BA00FBE591 /* SidebarView.swift */ = {isa = PBXFileReference; lastKnownFileType = sourcecode.swift; name = SidebarView.swift; path = ../../SidebarView.swift; sourceTree = "<group>"; };
		5A8A979D261AF2A900FBE591 /* LazyDiskImage.swift */ = {isa = PBXFileReference; lastKnownFileType = sourcecode.swift; path = LazyDiskImage.swift; sourceTree = "<group>"; };
		5ACD136325FF3D1400E64523 /* ImageCollectionView.swift */ = {isa = PBXFileReference; lastKnownFileType = sourcecode.swift; path = ImageCollectionView.swift; sourceTree = "<group>"; };
/* End PBXFileReference section */

/* Begin PBXFrameworksBuildPhase section */
		5A2F420625E20BE1000D70A8 /* Frameworks */ = {
			isa = PBXFrameworksBuildPhase;
			buildActionMask = 2147483647;
			files = (
			);
			runOnlyForDeploymentPostprocessing = 0;
		};
		5A2F421D25E20BE3000D70A8 /* Frameworks */ = {
			isa = PBXFrameworksBuildPhase;
			buildActionMask = 2147483647;
			files = (
			);
			runOnlyForDeploymentPostprocessing = 0;
		};
		5A2F422825E20BE3000D70A8 /* Frameworks */ = {
			isa = PBXFrameworksBuildPhase;
			buildActionMask = 2147483647;
			files = (
			);
			runOnlyForDeploymentPostprocessing = 0;
		};
/* End PBXFrameworksBuildPhase section */

/* Begin PBXGroup section */
		5A1B8C4F26091D3B000B2120 /* AppKit */ = {
			isa = PBXGroup;
			children = (
				5A1B8C5326091D4B000B2120 /* Sidebar */,
			);
			path = AppKit;
			sourceTree = "<group>";
		};
		5A1B8C5326091D4B000B2120 /* Sidebar */ = {
			isa = PBXGroup;
			children = (
				5A8A978F261AE6BA00FBE591 /* SidebarView.swift */,
				5A1B8C5426091D84000B2120 /* SidebarViewController.swift */,
				5A8A978A261ADF6700FBE591 /* SidebarViewController+NSOutlineViewDelegate.swift */,
				5A1B8C5926092828000B2120 /* SidebarOutlineView.swift */,
			);
			path = Sidebar;
			sourceTree = "<group>";
		};
		5A2F420025E20BE1000D70A8 = {
			isa = PBXGroup;
			children = (
				5A2F420B25E20BE1000D70A8 /* Images */,
				5A2F422325E20BE3000D70A8 /* ImagesTests */,
				5A2F422E25E20BE3000D70A8 /* ImagesUITests */,
				5A2F420A25E20BE1000D70A8 /* Products */,
			);
			sourceTree = "<group>";
		};
		5A2F420A25E20BE1000D70A8 /* Products */ = {
			isa = PBXGroup;
			children = (
				5A2F420925E20BE1000D70A8 /* Images.app */,
				5A2F422025E20BE3000D70A8 /* ImagesTests.xctest */,
				5A2F422B25E20BE3000D70A8 /* ImagesUITests.xctest */,
			);
			name = Products;
			sourceTree = "<group>";
		};
		5A2F420B25E20BE1000D70A8 /* Images */ = {
			isa = PBXGroup;
			children = (
				5A2F420C25E20BE1000D70A8 /* ImagesApp.swift */,
				5A2F427025E22E6A000D70A8 /* Debug.swift */,
				5A2F424B25E20E03000D70A8 /* Model */,
				5A2F425925E211EF000D70A8 /* Views */,
				5A1B8C7226092C7B000B2120 /* Main.storyboard */,
				5A2F421025E20BE3000D70A8 /* Assets.xcassets */,
				5A2F421A25E20BE3000D70A8 /* Info.plist */,
				5A2F421B25E20BE3000D70A8 /* Images.entitlements */,
				5A2F421225E20BE3000D70A8 /* Preview Content */,
			);
			path = Images;
			sourceTree = "<group>";
		};
		5A2F421225E20BE3000D70A8 /* Preview Content */ = {
			isa = PBXGroup;
			children = (
				5A2F421325E20BE3000D70A8 /* Preview Assets.xcassets */,
			);
			path = "Preview Content";
			sourceTree = "<group>";
		};
		5A2F422325E20BE3000D70A8 /* ImagesTests */ = {
			isa = PBXGroup;
			children = (
				5A2F422425E20BE3000D70A8 /* ImagesTests.swift */,
				5A2F422625E20BE3000D70A8 /* Info.plist */,
			);
			path = ImagesTests;
			sourceTree = "<group>";
		};
		5A2F422E25E20BE3000D70A8 /* ImagesUITests */ = {
			isa = PBXGroup;
			children = (
				5A2F422F25E20BE3000D70A8 /* ImagesUITests.swift */,
				5A2F423125E20BE3000D70A8 /* Info.plist */,
			);
			path = ImagesUITests;
			sourceTree = "<group>";
		};
		5A2F424B25E20E03000D70A8 /* Model */ = {
			isa = PBXGroup;
			children = (
				5A2F421525E20BE3000D70A8 /* Persistence.swift */,
				5A2F421725E20BE3000D70A8 /* Images.xcdatamodeld */,
				5A2F424C25E20E08000D70A8 /* Entities */,
			);
			path = Model;
			sourceTree = "<group>";
		};
		5A2F424C25E20E08000D70A8 /* Entities */ = {
			isa = PBXGroup;
			children = (
				5A2F424125E20DF8000D70A8 /* File.swift */,
				5A2F424225E20DF8000D70A8 /* Directory.swift */,
			);
			path = Entities;
			sourceTree = "<group>";
		};
		5A2F425925E211EF000D70A8 /* Views */ = {
			isa = PBXGroup;
			children = (
				5A1B8C4F26091D3B000B2120 /* AppKit */,
				5A4098AC261C3C44007F07D6 /* SwiftUI */,
			);
			path = Views;
			sourceTree = "<group>";
		};
		5A4098AC261C3C44007F07D6 /* SwiftUI */ = {
			isa = PBXGroup;
			children = (
				5A2F426B25E2297C000D70A8 /* PrimaryView.swift */,
				5ACD136325FF3D1400E64523 /* ImageCollectionView.swift */,
				5A8A979D261AF2A900FBE591 /* LazyDiskImage.swift */,
				5A2F427825E23245000D70A8 /* VisualEffectView.swift */,
			);
			path = SwiftUI;
			sourceTree = "<group>";
		};
/* End PBXGroup section */

/* Begin PBXNativeTarget section */
		5A2F420825E20BE1000D70A8 /* Images */ = {
			isa = PBXNativeTarget;
			buildConfigurationList = 5A2F423425E20BE3000D70A8 /* Build configuration list for PBXNativeTarget "Images" */;
			buildPhases = (
				5A2F420525E20BE1000D70A8 /* Sources */,
				5A2F420625E20BE1000D70A8 /* Frameworks */,
				5A2F420725E20BE1000D70A8 /* Resources */,
			);
			buildRules = (
			);
			dependencies = (
			);
			name = Images;
			productName = Images;
			productReference = 5A2F420925E20BE1000D70A8 /* Images.app */;
			productType = "com.apple.product-type.application";
		};
		5A2F421F25E20BE3000D70A8 /* ImagesTests */ = {
			isa = PBXNativeTarget;
			buildConfigurationList = 5A2F423725E20BE3000D70A8 /* Build configuration list for PBXNativeTarget "ImagesTests" */;
			buildPhases = (
				5A2F421C25E20BE3000D70A8 /* Sources */,
				5A2F421D25E20BE3000D70A8 /* Frameworks */,
				5A2F421E25E20BE3000D70A8 /* Resources */,
			);
			buildRules = (
			);
			dependencies = (
				5A2F422225E20BE3000D70A8 /* PBXTargetDependency */,
			);
			name = ImagesTests;
			productName = ImagesTests;
			productReference = 5A2F422025E20BE3000D70A8 /* ImagesTests.xctest */;
			productType = "com.apple.product-type.bundle.unit-test";
		};
		5A2F422A25E20BE3000D70A8 /* ImagesUITests */ = {
			isa = PBXNativeTarget;
			buildConfigurationList = 5A2F423A25E20BE3000D70A8 /* Build configuration list for PBXNativeTarget "ImagesUITests" */;
			buildPhases = (
				5A2F422725E20BE3000D70A8 /* Sources */,
				5A2F422825E20BE3000D70A8 /* Frameworks */,
				5A2F422925E20BE3000D70A8 /* Resources */,
			);
			buildRules = (
			);
			dependencies = (
				5A2F422D25E20BE3000D70A8 /* PBXTargetDependency */,
			);
			name = ImagesUITests;
			productName = ImagesUITests;
			productReference = 5A2F422B25E20BE3000D70A8 /* ImagesUITests.xctest */;
			productType = "com.apple.product-type.bundle.ui-testing";
		};
/* End PBXNativeTarget section */

/* Begin PBXProject section */
		5A2F420125E20BE1000D70A8 /* Project object */ = {
			isa = PBXProject;
			attributes = {
				LastSwiftUpdateCheck = 1240;
				LastUpgradeCheck = 1240;
				TargetAttributes = {
					5A2F420825E20BE1000D70A8 = {
						CreatedOnToolsVersion = 12.4;
					};
					5A2F421F25E20BE3000D70A8 = {
						CreatedOnToolsVersion = 12.4;
						TestTargetID = 5A2F420825E20BE1000D70A8;
					};
					5A2F422A25E20BE3000D70A8 = {
						CreatedOnToolsVersion = 12.4;
						TestTargetID = 5A2F420825E20BE1000D70A8;
					};
				};
			};
			buildConfigurationList = 5A2F420425E20BE1000D70A8 /* Build configuration list for PBXProject "Images" */;
			compatibilityVersion = "Xcode 9.3";
			developmentRegion = en;
			hasScannedForEncodings = 0;
			knownRegions = (
				en,
				Base,
			);
			mainGroup = 5A2F420025E20BE1000D70A8;
			productRefGroup = 5A2F420A25E20BE1000D70A8 /* Products */;
			projectDirPath = "";
			projectRoot = "";
			targets = (
				5A2F420825E20BE1000D70A8 /* Images */,
				5A2F421F25E20BE3000D70A8 /* ImagesTests */,
				5A2F422A25E20BE3000D70A8 /* ImagesUITests */,
			);
		};
/* End PBXProject section */

/* Begin PBXResourcesBuildPhase section */
		5A2F420725E20BE1000D70A8 /* Resources */ = {
			isa = PBXResourcesBuildPhase;
			buildActionMask = 2147483647;
			files = (
				5A1B8C7326092C7B000B2120 /* Main.storyboard in Resources */,
				5A2F421425E20BE3000D70A8 /* Preview Assets.xcassets in Resources */,
				5A2F421125E20BE3000D70A8 /* Assets.xcassets in Resources */,
			);
			runOnlyForDeploymentPostprocessing = 0;
		};
		5A2F421E25E20BE3000D70A8 /* Resources */ = {
			isa = PBXResourcesBuildPhase;
			buildActionMask = 2147483647;
			files = (
			);
			runOnlyForDeploymentPostprocessing = 0;
		};
		5A2F422925E20BE3000D70A8 /* Resources */ = {
			isa = PBXResourcesBuildPhase;
			buildActionMask = 2147483647;
			files = (
			);
			runOnlyForDeploymentPostprocessing = 0;
		};
/* End PBXResourcesBuildPhase section */

/* Begin PBXSourcesBuildPhase section */
		5A2F420525E20BE1000D70A8 /* Sources */ = {
			isa = PBXSourcesBuildPhase;
			buildActionMask = 2147483647;
			files = (
				5A2F421625E20BE3000D70A8 /* Persistence.swift in Sources */,
				5A2F424525E20DF8000D70A8 /* File.swift in Sources */,
				5A8A9790261AE6BA00FBE591 /* SidebarView.swift in Sources */,
				5A2F426C25E2297C000D70A8 /* PrimaryView.swift in Sources */,
				5A2F427125E22E6A000D70A8 /* Debug.swift in Sources */,
				5A2F427925E23245000D70A8 /* VisualEffectView.swift in Sources */,
				5A1B8C5A26092828000B2120 /* SidebarOutlineView.swift in Sources */,
				5A2F421925E20BE3000D70A8 /* Images.xcdatamodeld in Sources */,
				5A2F420D25E20BE1000D70A8 /* ImagesApp.swift in Sources */,
				5ACD136425FF3D1400E64523 /* ImageCollectionView.swift in Sources */,
				5A8A979E261AF2A900FBE591 /* LazyDiskImage.swift in Sources */,
				5A1B8C5526091D84000B2120 /* SidebarViewController.swift in Sources */,
				5A2F424625E20DF8000D70A8 /* Directory.swift in Sources */,
				5A8A978B261ADF6700FBE591 /* SidebarViewController+NSOutlineViewDelegate.swift in Sources */,
			);
			runOnlyForDeploymentPostprocessing = 0;
		};
		5A2F421C25E20BE3000D70A8 /* Sources */ = {
			isa = PBXSourcesBuildPhase;
			buildActionMask = 2147483647;
			files = (
				5A2F422525E20BE3000D70A8 /* ImagesTests.swift in Sources */,
			);
			runOnlyForDeploymentPostprocessing = 0;
		};
		5A2F422725E20BE3000D70A8 /* Sources */ = {
			isa = PBXSourcesBuildPhase;
			buildActionMask = 2147483647;
			files = (
				5A2F423025E20BE3000D70A8 /* ImagesUITests.swift in Sources */,
			);
			runOnlyForDeploymentPostprocessing = 0;
		};
/* End PBXSourcesBuildPhase section */

/* Begin PBXTargetDependency section */
		5A2F422225E20BE3000D70A8 /* PBXTargetDependency */ = {
			isa = PBXTargetDependency;
			target = 5A2F420825E20BE1000D70A8 /* Images */;
			targetProxy = 5A2F422125E20BE3000D70A8 /* PBXContainerItemProxy */;
		};
		5A2F422D25E20BE3000D70A8 /* PBXTargetDependency */ = {
			isa = PBXTargetDependency;
			target = 5A2F420825E20BE1000D70A8 /* Images */;
			targetProxy = 5A2F422C25E20BE3000D70A8 /* PBXContainerItemProxy */;
		};
/* End PBXTargetDependency section */

/* Begin XCBuildConfiguration section */
		5A2F423225E20BE3000D70A8 /* Debug */ = {
			isa = XCBuildConfiguration;
			buildSettings = {
				ALWAYS_SEARCH_USER_PATHS = NO;
				CLANG_ANALYZER_NONNULL = YES;
				CLANG_ANALYZER_NUMBER_OBJECT_CONVERSION = YES_AGGRESSIVE;
				CLANG_CXX_LANGUAGE_STANDARD = "gnu++14";
				CLANG_CXX_LIBRARY = "libc++";
				CLANG_ENABLE_MODULES = YES;
				CLANG_ENABLE_OBJC_ARC = YES;
				CLANG_ENABLE_OBJC_WEAK = YES;
				CLANG_WARN_BLOCK_CAPTURE_AUTORELEASING = YES;
				CLANG_WARN_BOOL_CONVERSION = YES;
				CLANG_WARN_COMMA = YES;
				CLANG_WARN_CONSTANT_CONVERSION = YES;
				CLANG_WARN_DEPRECATED_OBJC_IMPLEMENTATIONS = YES;
				CLANG_WARN_DIRECT_OBJC_ISA_USAGE = YES_ERROR;
				CLANG_WARN_DOCUMENTATION_COMMENTS = YES;
				CLANG_WARN_EMPTY_BODY = YES;
				CLANG_WARN_ENUM_CONVERSION = YES;
				CLANG_WARN_INFINITE_RECURSION = YES;
				CLANG_WARN_INT_CONVERSION = YES;
				CLANG_WARN_NON_LITERAL_NULL_CONVERSION = YES;
				CLANG_WARN_OBJC_IMPLICIT_RETAIN_SELF = YES;
				CLANG_WARN_OBJC_LITERAL_CONVERSION = YES;
				CLANG_WARN_OBJC_ROOT_CLASS = YES_ERROR;
				CLANG_WARN_QUOTED_INCLUDE_IN_FRAMEWORK_HEADER = YES;
				CLANG_WARN_RANGE_LOOP_ANALYSIS = YES;
				CLANG_WARN_STRICT_PROTOTYPES = YES;
				CLANG_WARN_SUSPICIOUS_MOVE = YES;
				CLANG_WARN_UNGUARDED_AVAILABILITY = YES_AGGRESSIVE;
				CLANG_WARN_UNREACHABLE_CODE = YES;
				CLANG_WARN__DUPLICATE_METHOD_MATCH = YES;
				COPY_PHASE_STRIP = NO;
				DEBUG_INFORMATION_FORMAT = dwarf;
				ENABLE_STRICT_OBJC_MSGSEND = YES;
				ENABLE_TESTABILITY = YES;
				GCC_C_LANGUAGE_STANDARD = gnu11;
				GCC_DYNAMIC_NO_PIC = NO;
				GCC_NO_COMMON_BLOCKS = YES;
				GCC_OPTIMIZATION_LEVEL = 0;
				GCC_PREPROCESSOR_DEFINITIONS = (
					"DEBUG=1",
					"$(inherited)",
				);
				GCC_WARN_64_TO_32_BIT_CONVERSION = YES;
				GCC_WARN_ABOUT_RETURN_TYPE = YES_ERROR;
				GCC_WARN_UNDECLARED_SELECTOR = YES;
				GCC_WARN_UNINITIALIZED_AUTOS = YES_AGGRESSIVE;
				GCC_WARN_UNUSED_FUNCTION = YES;
				GCC_WARN_UNUSED_VARIABLE = YES;
				MACOSX_DEPLOYMENT_TARGET = 11.1;
				MTL_ENABLE_DEBUG_INFO = INCLUDE_SOURCE;
				MTL_FAST_MATH = YES;
				ONLY_ACTIVE_ARCH = YES;
				SDKROOT = macosx;
				SWIFT_ACTIVE_COMPILATION_CONDITIONS = DEBUG;
				SWIFT_OPTIMIZATION_LEVEL = "-Onone";
			};
			name = Debug;
		};
		5A2F423325E20BE3000D70A8 /* Release */ = {
			isa = XCBuildConfiguration;
			buildSettings = {
				ALWAYS_SEARCH_USER_PATHS = NO;
				CLANG_ANALYZER_NONNULL = YES;
				CLANG_ANALYZER_NUMBER_OBJECT_CONVERSION = YES_AGGRESSIVE;
				CLANG_CXX_LANGUAGE_STANDARD = "gnu++14";
				CLANG_CXX_LIBRARY = "libc++";
				CLANG_ENABLE_MODULES = YES;
				CLANG_ENABLE_OBJC_ARC = YES;
				CLANG_ENABLE_OBJC_WEAK = YES;
				CLANG_WARN_BLOCK_CAPTURE_AUTORELEASING = YES;
				CLANG_WARN_BOOL_CONVERSION = YES;
				CLANG_WARN_COMMA = YES;
				CLANG_WARN_CONSTANT_CONVERSION = YES;
				CLANG_WARN_DEPRECATED_OBJC_IMPLEMENTATIONS = YES;
				CLANG_WARN_DIRECT_OBJC_ISA_USAGE = YES_ERROR;
				CLANG_WARN_DOCUMENTATION_COMMENTS = YES;
				CLANG_WARN_EMPTY_BODY = YES;
				CLANG_WARN_ENUM_CONVERSION = YES;
				CLANG_WARN_INFINITE_RECURSION = YES;
				CLANG_WARN_INT_CONVERSION = YES;
				CLANG_WARN_NON_LITERAL_NULL_CONVERSION = YES;
				CLANG_WARN_OBJC_IMPLICIT_RETAIN_SELF = YES;
				CLANG_WARN_OBJC_LITERAL_CONVERSION = YES;
				CLANG_WARN_OBJC_ROOT_CLASS = YES_ERROR;
				CLANG_WARN_QUOTED_INCLUDE_IN_FRAMEWORK_HEADER = YES;
				CLANG_WARN_RANGE_LOOP_ANALYSIS = YES;
				CLANG_WARN_STRICT_PROTOTYPES = YES;
				CLANG_WARN_SUSPICIOUS_MOVE = YES;
				CLANG_WARN_UNGUARDED_AVAILABILITY = YES_AGGRESSIVE;
				CLANG_WARN_UNREACHABLE_CODE = YES;
				CLANG_WARN__DUPLICATE_METHOD_MATCH = YES;
				COPY_PHASE_STRIP = NO;
				DEBUG_INFORMATION_FORMAT = "dwarf-with-dsym";
				ENABLE_NS_ASSERTIONS = NO;
				ENABLE_STRICT_OBJC_MSGSEND = YES;
				GCC_C_LANGUAGE_STANDARD = gnu11;
				GCC_NO_COMMON_BLOCKS = YES;
				GCC_WARN_64_TO_32_BIT_CONVERSION = YES;
				GCC_WARN_ABOUT_RETURN_TYPE = YES_ERROR;
				GCC_WARN_UNDECLARED_SELECTOR = YES;
				GCC_WARN_UNINITIALIZED_AUTOS = YES_AGGRESSIVE;
				GCC_WARN_UNUSED_FUNCTION = YES;
				GCC_WARN_UNUSED_VARIABLE = YES;
				MACOSX_DEPLOYMENT_TARGET = 11.1;
				MTL_ENABLE_DEBUG_INFO = NO;
				MTL_FAST_MATH = YES;
				SDKROOT = macosx;
				SWIFT_COMPILATION_MODE = wholemodule;
				SWIFT_OPTIMIZATION_LEVEL = "-O";
			};
			name = Release;
		};
		5A2F423525E20BE3000D70A8 /* Debug */ = {
			isa = XCBuildConfiguration;
			buildSettings = {
				ASSETCATALOG_COMPILER_APPICON_NAME = AppIcon;
				ASSETCATALOG_COMPILER_GLOBAL_ACCENT_COLOR_NAME = AccentColor;
				CODE_SIGN_ENTITLEMENTS = Images/Images.entitlements;
				CODE_SIGN_STYLE = Automatic;
				COMBINE_HIDPI_IMAGES = YES;
				DEVELOPMENT_ASSET_PATHS = "\"Images/Preview Content\"";
				DEVELOPMENT_TEAM = 3ER597LK99;
				ENABLE_HARDENED_RUNTIME = YES;
				ENABLE_PREVIEWS = YES;
				INFOPLIST_FILE = Images/Info.plist;
				LD_RUNPATH_SEARCH_PATHS = (
					"$(inherited)",
					"@executable_path/../Frameworks",
				);
				MACOSX_DEPLOYMENT_TARGET = 11.0;
				PRODUCT_BUNDLE_IDENTIFIER = com.connorbarnes.Images;
				PRODUCT_NAME = "$(TARGET_NAME)";
				SWIFT_VERSION = 5.0;
			};
			name = Debug;
		};
		5A2F423625E20BE3000D70A8 /* Release */ = {
			isa = XCBuildConfiguration;
			buildSettings = {
				ASSETCATALOG_COMPILER_APPICON_NAME = AppIcon;
				ASSETCATALOG_COMPILER_GLOBAL_ACCENT_COLOR_NAME = AccentColor;
				CODE_SIGN_ENTITLEMENTS = Images/Images.entitlements;
				CODE_SIGN_STYLE = Automatic;
				COMBINE_HIDPI_IMAGES = YES;
				DEVELOPMENT_ASSET_PATHS = "\"Images/Preview Content\"";
				DEVELOPMENT_TEAM = 3ER597LK99;
				ENABLE_HARDENED_RUNTIME = YES;
				ENABLE_PREVIEWS = YES;
				INFOPLIST_FILE = Images/Info.plist;
				LD_RUNPATH_SEARCH_PATHS = (
					"$(inherited)",
					"@executable_path/../Frameworks",
				);
				MACOSX_DEPLOYMENT_TARGET = 11.0;
				PRODUCT_BUNDLE_IDENTIFIER = com.connorbarnes.Images;
				PRODUCT_NAME = "$(TARGET_NAME)";
				SWIFT_VERSION = 5.0;
			};
			name = Release;
		};
		5A2F423825E20BE3000D70A8 /* Debug */ = {
			isa = XCBuildConfiguration;
			buildSettings = {
				ALWAYS_EMBED_SWIFT_STANDARD_LIBRARIES = YES;
				BUNDLE_LOADER = "$(TEST_HOST)";
				CODE_SIGN_STYLE = Automatic;
				COMBINE_HIDPI_IMAGES = YES;
				DEVELOPMENT_TEAM = 3ER597LK99;
				INFOPLIST_FILE = ImagesTests/Info.plist;
				LD_RUNPATH_SEARCH_PATHS = (
					"$(inherited)",
					"@executable_path/../Frameworks",
					"@loader_path/../Frameworks",
				);
				MACOSX_DEPLOYMENT_TARGET = 11.0;
				PRODUCT_BUNDLE_IDENTIFIER = com.connorbarnes.ImagesTests;
				PRODUCT_NAME = "$(TARGET_NAME)";
				SWIFT_VERSION = 5.0;
				TEST_HOST = "$(BUILT_PRODUCTS_DIR)/Images.app/Contents/MacOS/Images";
			};
			name = Debug;
		};
		5A2F423925E20BE3000D70A8 /* Release */ = {
			isa = XCBuildConfiguration;
			buildSettings = {
				ALWAYS_EMBED_SWIFT_STANDARD_LIBRARIES = YES;
				BUNDLE_LOADER = "$(TEST_HOST)";
				CODE_SIGN_STYLE = Automatic;
				COMBINE_HIDPI_IMAGES = YES;
				DEVELOPMENT_TEAM = 3ER597LK99;
				INFOPLIST_FILE = ImagesTests/Info.plist;
				LD_RUNPATH_SEARCH_PATHS = (
					"$(inherited)",
					"@executable_path/../Frameworks",
					"@loader_path/../Frameworks",
				);
				MACOSX_DEPLOYMENT_TARGET = 11.0;
				PRODUCT_BUNDLE_IDENTIFIER = com.connorbarnes.ImagesTests;
				PRODUCT_NAME = "$(TARGET_NAME)";
				SWIFT_VERSION = 5.0;
				TEST_HOST = "$(BUILT_PRODUCTS_DIR)/Images.app/Contents/MacOS/Images";
			};
			name = Release;
		};
		5A2F423B25E20BE3000D70A8 /* Debug */ = {
			isa = XCBuildConfiguration;
			buildSettings = {
				ALWAYS_EMBED_SWIFT_STANDARD_LIBRARIES = YES;
				CODE_SIGN_STYLE = Automatic;
				COMBINE_HIDPI_IMAGES = YES;
				DEVELOPMENT_TEAM = 3ER597LK99;
				INFOPLIST_FILE = ImagesUITests/Info.plist;
				LD_RUNPATH_SEARCH_PATHS = (
					"$(inherited)",
					"@executable_path/../Frameworks",
					"@loader_path/../Frameworks",
				);
				PRODUCT_BUNDLE_IDENTIFIER = com.connorbarnes.ImagesUITests;
				PRODUCT_NAME = "$(TARGET_NAME)";
				SWIFT_VERSION = 5.0;
				TEST_TARGET_NAME = Images;
			};
			name = Debug;
		};
		5A2F423C25E20BE3000D70A8 /* Release */ = {
			isa = XCBuildConfiguration;
			buildSettings = {
				ALWAYS_EMBED_SWIFT_STANDARD_LIBRARIES = YES;
				CODE_SIGN_STYLE = Automatic;
				COMBINE_HIDPI_IMAGES = YES;
				DEVELOPMENT_TEAM = 3ER597LK99;
				INFOPLIST_FILE = ImagesUITests/Info.plist;
				LD_RUNPATH_SEARCH_PATHS = (
					"$(inherited)",
					"@executable_path/../Frameworks",
					"@loader_path/../Frameworks",
				);
				PRODUCT_BUNDLE_IDENTIFIER = com.connorbarnes.ImagesUITests;
				PRODUCT_NAME = "$(TARGET_NAME)";
				SWIFT_VERSION = 5.0;
				TEST_TARGET_NAME = Images;
			};
			name = Release;
		};
/* End XCBuildConfiguration section */

/* Begin XCConfigurationList section */
		5A2F420425E20BE1000D70A8 /* Build configuration list for PBXProject "Images" */ = {
			isa = XCConfigurationList;
			buildConfigurations = (
				5A2F423225E20BE3000D70A8 /* Debug */,
				5A2F423325E20BE3000D70A8 /* Release */,
			);
			defaultConfigurationIsVisible = 0;
			defaultConfigurationName = Release;
		};
		5A2F423425E20BE3000D70A8 /* Build configuration list for PBXNativeTarget "Images" */ = {
			isa = XCConfigurationList;
			buildConfigurations = (
				5A2F423525E20BE3000D70A8 /* Debug */,
				5A2F423625E20BE3000D70A8 /* Release */,
			);
			defaultConfigurationIsVisible = 0;
			defaultConfigurationName = Release;
		};
		5A2F423725E20BE3000D70A8 /* Build configuration list for PBXNativeTarget "ImagesTests" */ = {
			isa = XCConfigurationList;
			buildConfigurations = (
				5A2F423825E20BE3000D70A8 /* Debug */,
				5A2F423925E20BE3000D70A8 /* Release */,
			);
			defaultConfigurationIsVisible = 0;
			defaultConfigurationName = Release;
		};
		5A2F423A25E20BE3000D70A8 /* Build configuration list for PBXNativeTarget "ImagesUITests" */ = {
			isa = XCConfigurationList;
			buildConfigurations = (
				5A2F423B25E20BE3000D70A8 /* Debug */,
				5A2F423C25E20BE3000D70A8 /* Release */,
			);
			defaultConfigurationIsVisible = 0;
			defaultConfigurationName = Release;
		};
/* End XCConfigurationList section */

/* Begin XCVersionGroup section */
		5A2F421725E20BE3000D70A8 /* Images.xcdatamodeld */ = {
			isa = XCVersionGroup;
			children = (
				5A2F421825E20BE3000D70A8 /* Images.xcdatamodel */,
			);
			currentVersion = 5A2F421825E20BE3000D70A8 /* Images.xcdatamodel */;
			path = Images.xcdatamodeld;
			sourceTree = "<group>";
			versionGroupType = wrapper.xcdatamodel;
		};
/* End XCVersionGroup section */
	};
	rootObject = 5A2F420125E20BE1000D70A8 /* Project object */;
}
